
Microsoft Visual Studio Solution File, Format Version 12.00
Project("{FAE04EC0-301F-11D3-BF4B-00C04F79EFBC}") = "EMPLOYEESAPP", "EMPLOYEESAPP\EMPLOYEESAPP.csproj", "{E923D4EC-3F27-4F0D-A1CC-5AC59CC4B692}"
EndProject
Global
	GlobalSection(SolutionConfigurationPlatforms) = preSolution
		Debug|Any CPU = Debug|Any CPU
		Release|Any CPU = Release|Any CPU
	EndGlobalSection
	GlobalSection(ProjectConfigurationPlatforms) = postSolution
		{E923D4EC-3F27-4F0D-A1CC-5AC59CC4B692}.Debug|Any CPU.ActiveCfg = Debug|Any CPU
		{E923D4EC-3F27-4F0D-A1CC-5AC59CC4B692}.Debug|Any CPU.Build.0 = Debug|Any CPU
		{E923D4EC-3F27-4F0D-A1CC-5AC59CC4B692}.Release|Any CPU.ActiveCfg = Release|Any CPU
		{E923D4EC-3F27-4F0D-A1CC-5AC59CC4B692}.Release|Any CPU.Build.0 = Release|Any CPU
	EndGlobalSection
EndGlobal
